
Microsoft Visual Studio Solution File, Format Version 12.00
# Visual Studio Version 17
VisualStudioVersion = 17.14.37531.7 d17.14
MinimumVisualStudioVersion = 10.0.40219.1
Project("{FAE04EC0-301F-11D3-BF4B-00C04F79EFBC}") = "ApiRoutingDrills", "ApiRoutingDrills\ApiRoutingDrills.csproj", "{0AC27F62-A8C0-4F75-A500-EB7007156D56}"
EndProject
Global
	GlobalSection(SolutionConfigurationPlatforms) = preSolution
		Debug|Any CPU = Debug|Any CPU
		Release|Any CPU = Release|Any CPU
	EndGlobalSection
	GlobalSection(ProjectConfigurationPlatforms) = postSolution
		{0AC27F62-A8C0-4F75-A500-EB7007156D56}.Debug|Any CPU.ActiveCfg = Debug|Any CPU
		{0AC27F62-A8C0-4F75-A500-EB7007156D56}.Debug|Any CPU.Build.0 = Debug|Any CPU
		{0AC27F62-A8C0-4F75-A500-EB7007156D56}.Release|Any CPU.ActiveCfg = Release|Any CPU
		{0AC27F62-A8C0-4F75-A500-EB7007156D56}.Release|Any CPU.Build.0 = Release|Any CPU
	EndGlobalSection
	GlobalSection(SolutionProperties) = preSolution
		HideSolutionNode = FALSE
	EndGlobalSection
	GlobalSection(ExtensibilityGlobals) = postSolution
		SolutionGuid = {A7BF9411-DD24-4C31-ACF2-E208D8B5C2DE}
	EndGlobalSection
EndGlobal
