
Microsoft Visual Studio Solution File, Format Version 12.00
# Visual Studio Version 17
VisualStudioVersion = 17.14.37531.7 d17.14
MinimumVisualStudioVersion = 10.0.40219.1
Project("{FAE04EC0-301F-11D3-BF4B-00C04F79EFBC}") = "OriginalBadCode", "OriginalBadCode\OriginalBadCode.csproj", "{A192D91E-0691-481C-A0E6-7BD9837227AB}"
EndProject
Global
	GlobalSection(SolutionConfigurationPlatforms) = preSolution
		Debug|Any CPU = Debug|Any CPU
		Release|Any CPU = Release|Any CPU
	EndGlobalSection
	GlobalSection(ProjectConfigurationPlatforms) = postSolution
		{A192D91E-0691-481C-A0E6-7BD9837227AB}.Debug|Any CPU.ActiveCfg = Debug|Any CPU
		{A192D91E-0691-481C-A0E6-7BD9837227AB}.Debug|Any CPU.Build.0 = Debug|Any CPU
		{A192D91E-0691-481C-A0E6-7BD9837227AB}.Release|Any CPU.ActiveCfg = Release|Any CPU
		{A192D91E-0691-481C-A0E6-7BD9837227AB}.Release|Any CPU.Build.0 = Release|Any CPU
	EndGlobalSection
	GlobalSection(SolutionProperties) = preSolution
		HideSolutionNode = FALSE
	EndGlobalSection
	GlobalSection(ExtensibilityGlobals) = postSolution
		SolutionGuid = {920ED959-9646-40EF-9268-D4665A46CE32}
	EndGlobalSection
EndGlobal
