
Microsoft Visual Studio Solution File, Format Version 12.00
# Visual Studio Version 17
VisualStudioVersion = 17.14.37531.7 d17.14
MinimumVisualStudioVersion = 10.0.40219.1
Project("{FAE04EC0-301F-11D3-BF4B-00C04F79EFBC}") = "Task01-Drills", "Task01-Drills\Task01-Drills.csproj", "{2DB3C1CE-F0AE-4494-A569-698DEA9E0325}"
EndProject
Global
	GlobalSection(SolutionConfigurationPlatforms) = preSolution
		Debug|Any CPU = Debug|Any CPU
		Release|Any CPU = Release|Any CPU
	EndGlobalSection
	GlobalSection(ProjectConfigurationPlatforms) = postSolution
		{2DB3C1CE-F0AE-4494-A569-698DEA9E0325}.Debug|Any CPU.ActiveCfg = Debug|Any CPU
		{2DB3C1CE-F0AE-4494-A569-698DEA9E0325}.Debug|Any CPU.Build.0 = Debug|Any CPU
		{2DB3C1CE-F0AE-4494-A569-698DEA9E0325}.Release|Any CPU.ActiveCfg = Release|Any CPU
		{2DB3C1CE-F0AE-4494-A569-698DEA9E0325}.Release|Any CPU.Build.0 = Release|Any CPU
	EndGlobalSection
	GlobalSection(SolutionProperties) = preSolution
		HideSolutionNode = FALSE
	EndGlobalSection
	GlobalSection(ExtensibilityGlobals) = postSolution
		SolutionGuid = {578F9229-9DFA-4051-B242-E40FCB6D51D3}
	EndGlobalSection
EndGlobal
