
Microsoft Visual Studio Solution File, Format Version 12.00
# Visual Studio Version 17
VisualStudioVersion = 17.14.37531.7 d17.14
MinimumVisualStudioVersion = 10.0.40219.1
Project("{FAE04EC0-301F-11D3-BF4B-00C04F79EFBC}") = "task-01-ef-core-modeling-drills", "task-01-ef-core-modeling-drills\task-01-ef-core-modeling-drills.csproj", "{F2B65CD7-B6D9-47D4-AC5F-393CCC859A96}"
EndProject
Global
	GlobalSection(SolutionConfigurationPlatforms) = preSolution
		Debug|Any CPU = Debug|Any CPU
		Release|Any CPU = Release|Any CPU
	EndGlobalSection
	GlobalSection(ProjectConfigurationPlatforms) = postSolution
		{F2B65CD7-B6D9-47D4-AC5F-393CCC859A96}.Debug|Any CPU.ActiveCfg = Debug|Any CPU
		{F2B65CD7-B6D9-47D4-AC5F-393CCC859A96}.Debug|Any CPU.Build.0 = Debug|Any CPU
		{F2B65CD7-B6D9-47D4-AC5F-393CCC859A96}.Release|Any CPU.ActiveCfg = Release|Any CPU
		{F2B65CD7-B6D9-47D4-AC5F-393CCC859A96}.Release|Any CPU.Build.0 = Release|Any CPU
	EndGlobalSection
	GlobalSection(SolutionProperties) = preSolution
		HideSolutionNode = FALSE
	EndGlobalSection
	GlobalSection(ExtensibilityGlobals) = postSolution
		SolutionGuid = {494C2000-C7D6-4A4D-82D1-16F5138D45A3}
	EndGlobalSection
EndGlobal
