
Microsoft Visual Studio Solution File, Format Version 12.00
# Visual Studio Version 17
VisualStudioVersion = 17.14.37531.7 d17.14
MinimumVisualStudioVersion = 10.0.40219.1
Project("{FAE04EC0-301F-11D3-BF4B-00C04F79EFBC}") = "RefactoredApi", "RefactoredApi\RefactoredApi.csproj", "{EF0FFDC1-49B1-4871-AA2D-CD241B6DE5CC}"
EndProject
Global
	GlobalSection(SolutionConfigurationPlatforms) = preSolution
		Debug|Any CPU = Debug|Any CPU
		Release|Any CPU = Release|Any CPU
	EndGlobalSection
	GlobalSection(ProjectConfigurationPlatforms) = postSolution
		{EF0FFDC1-49B1-4871-AA2D-CD241B6DE5CC}.Debug|Any CPU.ActiveCfg = Debug|Any CPU
		{EF0FFDC1-49B1-4871-AA2D-CD241B6DE5CC}.Debug|Any CPU.Build.0 = Debug|Any CPU
		{EF0FFDC1-49B1-4871-AA2D-CD241B6DE5CC}.Release|Any CPU.ActiveCfg = Release|Any CPU
		{EF0FFDC1-49B1-4871-AA2D-CD241B6DE5CC}.Release|Any CPU.Build.0 = Release|Any CPU
	EndGlobalSection
	GlobalSection(SolutionProperties) = preSolution
		HideSolutionNode = FALSE
	EndGlobalSection
	GlobalSection(ExtensibilityGlobals) = postSolution
		SolutionGuid = {DE6C6923-7C26-4071-9F13-30B6915471FA}
	EndGlobalSection
EndGlobal
